
Microsoft Visual Studio Solution File, Format Version 12.00
# Visual Studio Version 16
VisualStudioVersion = 16.0.30330.147
MinimumVisualStudioVersion = 10.0.40219.1
Project("{FAE04EC0-301F-11D3-BF4B-00C04F79EFBC}") = "technicalTask", "technicalTask\technicalTask.csproj", "{EA47FAE6-885C-4FBC-8D80-8B2E950EBC12}"
EndProject
Global
	GlobalSection(SolutionConfigurationPlatforms) = preSolution
		Debug|Any CPU = Debug|Any CPU
		Release|Any CPU = Release|Any CPU
	EndGlobalSection
	GlobalSection(ProjectConfigurationPlatforms) = postSolution
		{EA47FAE6-885C-4FBC-8D80-8B2E950EBC12}.Debug|Any CPU.ActiveCfg = Debug|Any CPU
		{EA47FAE6-885C-4FBC-8D80-8B2E950EBC12}.Debug|Any CPU.Build.0 = Debug|Any CPU
		{EA47FAE6-885C-4FBC-8D80-8B2E950EBC12}.Release|Any CPU.ActiveCfg = Release|Any CPU
		{EA47FAE6-885C-4FBC-8D80-8B2E950EBC12}.Release|Any CPU.Build.0 = Release|Any CPU
	EndGlobalSection
	GlobalSection(SolutionProperties) = preSolution
		HideSolutionNode = FALSE
	EndGlobalSection
	GlobalSection(ExtensibilityGlobals) = postSolution
		SolutionGuid = {56776525-06BC-41CD-8FB6-BAC7ADF5BBEE}
	EndGlobalSection
EndGlobal
